// !$*UTF8*$!
{
	archiveVersion = 1;
	classes = {
	};
	objectVersion = 56;
	objects = {

/* Begin PBXBuildFile section */
		3BDAABF22B107D300013DB89 /* AppDelegate.swift in Sources */ = {isa = PBXBuildFile; fileRef = 3BDAABF12B107D300013DB89 /* AppDelegate.swift */; };
		3BDAABF42B107D300013DB89 /* SceneDelegate.swift in Sources */ = {isa = PBXBuildFile; fileRef = 3BDAABF32B107D300013DB89 /* SceneDelegate.swift */; };
		3BDAABF92B107D300013DB89 /* Main.storyboard in Resources */ = {isa = PBXBuildFile; fileRef = 3BDAABF72B107D300013DB89 /* Main.storyboard */; };
		3BDAABFB2B107D310013DB89 /* Assets.xcassets in Resources */ = {isa = PBXBuildFile; fileRef = 3BDAABFA2B107D310013DB89 /* Assets.xcassets */; };
		3BDAABFE2B107D310013DB89 /* LaunchScreen.storyboard in Resources */ = {isa = PBXBuildFile; fileRef = 3BDAABFC2B107D310013DB89 /* LaunchScreen.storyboard */; };
		3BDAAC292B10806F0013DB89 /* ViewController.swift in Sources */ = {isa = PBXBuildFile; fileRef = 3BDAAC282B10806F0013DB89 /* ViewController.swift */; };
		3BDAAC2B2B1080960013DB89 /* BindingTextField.swift in Sources */ = {isa = PBXBuildFile; fileRef = 3BDAAC2A2B1080960013DB89 /* BindingTextField.swift */; };
		3BDAAC2D2B1080A80013DB89 /* LoginViewModel.swift in Sources */ = {isa = PBXBuildFile; fileRef = 3BDAAC2C2B1080A80013DB89 /* LoginViewModel.swift */; };
/* End PBXBuildFile section */

/* Begin PBXFileReference section */
		3BDAABEE2B107D300013DB89 /* BindingVMtoV.app */ = {isa = PBXFileReference; explicitFileType = wrapper.application; includeInIndex = 0; path = BindingVMtoV.app; sourceTree = BUILT_PRODUCTS_DIR; };
		3BDAABF12B107D300013DB89 /* AppDelegate.swift */ = {isa = PBXFileReference; lastKnownFileType = sourcecode.swift; path = AppDelegate.swift; sourceTree = "<group>"; };
		3BDAABF32B107D300013DB89 /* SceneDelegate.swift */ = {isa = PBXFileReference; lastKnownFileType = sourcecode.swift; path = SceneDelegate.swift; sourceTree = "<group>"; };
		3BDAABF82B107D300013DB89 /* Base */ = {isa = PBXFileReference; lastKnownFileType = file.storyboard; name = Base; path = Base.lproj/Main.storyboard; sourceTree = "<group>"; };
		3BDAABFA2B107D310013DB89 /* Assets.xcassets */ = {isa = PBXFileReference; lastKnownFileType = folder.assetcatalog; path = Assets.xcassets; sourceTree = "<group>"; };
		3BDAABFD2B107D310013DB89 /* Base */ = {isa = PBXFileReference; lastKnownFileType = file.storyboard; name = Base; path = Base.lproj/LaunchScreen.storyboard; sourceTree = "<group>"; };
		3BDAABFF2B107D310013DB89 /* Info.plist */ = {isa = PBXFileReference; lastKnownFileType = text.plist.xml; path = Info.plist; sourceTree = "<group>"; };
		3BDAAC282B10806F0013DB89 /* ViewController.swift */ = {isa = PBXFileReference; lastKnownFileType = sourcecode.swift; path = ViewController.swift; sourceTree = "<group>"; };
		3BDAAC2A2B1080960013DB89 /* BindingTextField.swift */ = {isa = PBXFileReference; lastKnownFileType = sourcecode.swift; path = BindingTextField.swift; sourceTree = "<group>"; };
		3BDAAC2C2B1080A80013DB89 /* LoginViewModel.swift */ = {isa = PBXFileReference; lastKnownFileType = sourcecode.swift; path = LoginViewModel.swift; sourceTree = "<group>"; };
/* End PBXFileReference section */

/* Begin PBXFrameworksBuildPhase section */
		3BDAABEB2B107D300013DB89 /* Frameworks */ = {
			isa = PBXFrameworksBuildPhase;
			buildActionMask = 2147483647;
			files = (
			);
			runOnlyForDeploymentPostprocessing = 0;
		};
/* End PBXFrameworksBuildPhase section */

/* Begin PBXGroup section */
		3BDAABE52B107D300013DB89 = {
			isa = PBXGroup;
			children = (
				3BDAABF02B107D300013DB89 /* BindingVMtoV */,
				3BDAABEF2B107D300013DB89 /* Products */,
			);
			sourceTree = "<group>";
		};
		3BDAABEF2B107D300013DB89 /* Products */ = {
			isa = PBXGroup;
			children = (
				3BDAABEE2B107D300013DB89 /* BindingVMtoV.app */,
			);
			name = Products;
			sourceTree = "<group>";
		};
		3BDAABF02B107D300013DB89 /* BindingVMtoV */ = {
			isa = PBXGroup;
			children = (
				3BDAABF12B107D300013DB89 /* AppDelegate.swift */,
				3BDAABF32B107D300013DB89 /* SceneDelegate.swift */,
				3BDAABF72B107D300013DB89 /* Main.storyboard */,
				3BDAABFA2B107D310013DB89 /* Assets.xcassets */,
				3BDAABFC2B107D310013DB89 /* LaunchScreen.storyboard */,
				3BDAABFF2B107D310013DB89 /* Info.plist */,
				3BDAAC272B10804F0013DB89 /* ViewModels */,
				3BDAAC262B10803F0013DB89 /* CustomViews */,
				3BDAAC1F2B107F460013DB89 /* Controllers */,
			);
			path = BindingVMtoV;
			sourceTree = "<group>";
		};
		3BDAAC1F2B107F460013DB89 /* Controllers */ = {
			isa = PBXGroup;
			children = (
				3BDAAC282B10806F0013DB89 /* ViewController.swift */,
			);
			path = Controllers;
			sourceTree = "<group>";
		};
		3BDAAC262B10803F0013DB89 /* CustomViews */ = {
			isa = PBXGroup;
			children = (
				3BDAAC2A2B1080960013DB89 /* BindingTextField.swift */,
			);
			path = CustomViews;
			sourceTree = "<group>";
		};
		3BDAAC272B10804F0013DB89 /* ViewModels */ = {
			isa = PBXGroup;
			children = (
				3BDAAC2C2B1080A80013DB89 /* LoginViewModel.swift */,
			);
			path = ViewModels;
			sourceTree = "<group>";
		};
/* End PBXGroup section */

/* Begin PBXNativeTarget section */
		3BDAABED2B107D300013DB89 /* BindingVMtoV */ = {
			isa = PBXNativeTarget;
			buildConfigurationList = 3BDAAC022B107D310013DB89 /* Build configuration list for PBXNativeTarget "BindingVMtoV" */;
			buildPhases = (
				3BDAABEA2B107D300013DB89 /* Sources */,
				3BDAABEB2B107D300013DB89 /* Frameworks */,
				3BDAABEC2B107D300013DB89 /* Resources */,
			);
			buildRules = (
			);
			dependencies = (
			);
			name = BindingVMtoV;
			productName = BindingVMtoV;
			productReference = 3BDAABEE2B107D300013DB89 /* BindingVMtoV.app */;
			productType = "com.apple.product-type.application";
		};
/* End PBXNativeTarget section */

/* Begin PBXProject section */
		3BDAABE62B107D300013DB89 /* Project object */ = {
			isa = PBXProject;
			attributes = {
				BuildIndependentTargetsInParallel = 1;
				LastSwiftUpdateCheck = 1430;
				LastUpgradeCheck = 1430;
				TargetAttributes = {
					3BDAABED2B107D300013DB89 = {
						CreatedOnToolsVersion = 14.3;
					};
				};
			};
			buildConfigurationList = 3BDAABE92B107D300013DB89 /* Build configuration list for PBXProject "BindingVMtoV" */;
			compatibilityVersion = "Xcode 14.0";
			developmentRegion = en;
			hasScannedForEncodings = 0;
			knownRegions = (
				en,
				Base,
			);
			mainGroup = 3BDAABE52B107D300013DB89;
			productRefGroup = 3BDAABEF2B107D300013DB89 /* Products */;
			projectDirPath = "";
			projectRoot = "";
			targets = (
				3BDAABED2B107D300013DB89 /* BindingVMtoV */,
			);
		};
/* End PBXProject section */

/* Begin PBXResourcesBuildPhase section */
		3BDAABEC2B107D300013DB89 /* Resources */ = {
			isa = PBXResourcesBuildPhase;
			buildActionMask = 2147483647;
			files = (
				3BDAABFE2B107D310013DB89 /* LaunchScreen.storyboard in Resources */,
				3BDAABFB2B107D310013DB89 /* Assets.xcassets in Resources */,
				3BDAABF92B107D300013DB89 /* Main.storyboard in Resources */,
			);
			runOnlyForDeploymentPostprocessing = 0;
		};
/* End PBXResourcesBuildPhase section */

/* Begin PBXSourcesBuildPhase section */
		3BDAABEA2B107D300013DB89 /* Sources */ = {
			isa = PBXSourcesBuildPhase;
			buildActionMask = 2147483647;
			files = (
				3BDAAC292B10806F0013DB89 /* ViewController.swift in Sources */,
				3BDAAC2B2B1080960013DB89 /* BindingTextField.swift in Sources */,
				3BDAABF22B107D300013DB89 /* AppDelegate.swift in Sources */,
				3BDAAC2D2B1080A80013DB89 /* LoginViewModel.swift in Sources */,
				3BDAABF42B107D300013DB89 /* SceneDelegate.swift in Sources */,
			);
			runOnlyForDeploymentPostprocessing = 0;
		};
/* End PBXSourcesBuildPhase section */

/* Begin PBXVariantGroup section */
		3BDAABF72B107D300013DB89 /* Main.storyboard */ = {
			isa = PBXVariantGroup;
			children = (
				3BDAABF82B107D300013DB89 /* Base */,
			);
			name = Main.storyboard;
			sourceTree = "<group>";
		};
		3BDAABFC2B107D310013DB89 /* LaunchScreen.storyboard */ = {
			isa = PBXVariantGroup;
			children = (
				3BDAABFD2B107D310013DB89 /* Base */,
			);
			name = LaunchScreen.storyboard;
			sourceTree = "<group>";
		};
/* End PBXVariantGroup section */

/* Begin XCBuildConfiguration section */
		3BDAAC002B107D310013DB89 /* Debug */ = {
			isa = XCBuildConfiguration;
			buildSettings = {
				ALWAYS_SEARCH_USER_PATHS = NO;
				CLANG_ANALYZER_NONNULL = YES;
				CLANG_ANALYZER_NUMBER_OBJECT_CONVERSION = YES_AGGRESSIVE;
				CLANG_CXX_LANGUAGE_STANDARD = "gnu++20";
				CLANG_ENABLE_MODULES = YES;
				CLANG_ENABLE_OBJC_ARC = YES;
				CLANG_ENABLE_OBJC_WEAK = YES;
				CLANG_WARN_BLOCK_CAPTURE_AUTORELEASING = YES;
				CLANG_WARN_BOOL_CONVERSION = YES;
				CLANG_WARN_COMMA = YES;
				CLANG_WARN_CONSTANT_CONVERSION = YES;
				CLANG_WARN_DEPRECATED_OBJC_IMPLEMENTATIONS = YES;
				CLANG_WARN_DIRECT_OBJC_ISA_USAGE = YES_ERROR;
				CLANG_WARN_DOCUMENTATION_COMMENTS = YES;
				CLANG_WARN_EMPTY_BODY = YES;
				CLANG_WARN_ENUM_CONVERSION = YES;
				CLANG_WARN_INFINITE_RECURSION = YES;
				CLANG_WARN_INT_CONVERSION = YES;
				CLANG_WARN_NON_LITERAL_NULL_CONVERSION = YES;
				CLANG_WARN_OBJC_IMPLICIT_RETAIN_SELF = YES;
				CLANG_WARN_OBJC_LITERAL_CONVERSION = YES;
				CLANG_WARN_OBJC_ROOT_CLASS = YES_ERROR;
				CLANG_WARN_QUOTED_INCLUDE_IN_FRAMEWORK_HEADER = YES;
				CLANG_WARN_RANGE_LOOP_ANALYSIS = YES;
				CLANG_WARN_STRICT_PROTOTYPES = YES;
				CLANG_WARN_SUSPICIOUS_MOVE = YES;
				CLANG_WARN_UNGUARDED_AVAILABILITY = YES_AGGRESSIVE;
				CLANG_WARN_UNREACHABLE_CODE = YES;
				CLANG_WARN__DUPLICATE_METHOD_MATCH = YES;
				COPY_PHASE_STRIP = NO;
				DEBUG_INFORMATION_FORMAT = dwarf;
				ENABLE_STRICT_OBJC_MSGSEND = YES;
				ENABLE_TESTABILITY = YES;
				GCC_C_LANGUAGE_STANDARD = gnu11;
				GCC_DYNAMIC_NO_PIC = NO;
				GCC_NO_COMMON_BLOCKS = YES;
				GCC_OPTIMIZATION_LEVEL = 0;
				GCC_PREPROCESSOR_DEFINITIONS = (
					"DEBUG=1",
					"$(inherited)",
				);
				GCC_WARN_64_TO_32_BIT_CONVERSION = YES;
				GCC_WARN_ABOUT_RETURN_TYPE = YES_ERROR;
				GCC_WARN_UNDECLARED_SELECTOR = YES;
				GCC_WARN_UNINITIALIZED_AUTOS = YES_AGGRESSIVE;
				GCC_WARN_UNUSED_FUNCTION = YES;
				GCC_WARN_UNUSED_VARIABLE = YES;
				IPHONEOS_DEPLOYMENT_TARGET = 16.4;
				MTL_ENABLE_DEBUG_INFO = INCLUDE_SOURCE;
				MTL_FAST_MATH = YES;
				ONLY_ACTIVE_ARCH = YES;
				SDKROOT = iphoneos;
				SWIFT_ACTIVE_COMPILATION_CONDITIONS = DEBUG;
				SWIFT_OPTIMIZATION_LEVEL = "-Onone";
			};
			name = Debug;
		};
		3BDAAC012B107D310013DB89 /* Release */ = {
			isa = XCBuildConfiguration;
			buildSettings = {
				ALWAYS_SEARCH_USER_PATHS = NO;
				CLANG_ANALYZER_NONNULL = YES;
				CLANG_ANALYZER_NUMBER_OBJECT_CONVERSION = YES_AGGRESSIVE;
				CLANG_CXX_LANGUAGE_STANDARD = "gnu++20";
				CLANG_ENABLE_MODULES = YES;
				CLANG_ENABLE_OBJC_ARC = YES;
				CLANG_ENABLE_OBJC_WEAK = YES;
				CLANG_WARN_BLOCK_CAPTURE_AUTORELEASING = YES;
				CLANG_WARN_BOOL_CONVERSION = YES;
				CLANG_WARN_COMMA = YES;
				CLANG_WARN_CONSTANT_CONVERSION = YES;
				CLANG_WARN_DEPRECATED_OBJC_IMPLEMENTATIONS = YES;
				CLANG_WARN_DIRECT_OBJC_ISA_USAGE = YES_ERROR;
				CLANG_WARN_DOCUMENTATION_COMMENTS = YES;
				CLANG_WARN_EMPTY_BODY = YES;
				CLANG_WARN_ENUM_CONVERSION = YES;
				CLANG_WARN_INFINITE_RECURSION = YES;
				CLANG_WARN_INT_CONVERSION = YES;
				CLANG_WARN_NON_LITERAL_NULL_CONVERSION = YES;
				CLANG_WARN_OBJC_IMPLICIT_RETAIN_SELF = YES;
				CLANG_WARN_OBJC_LITERAL_CONVERSION = YES;
				CLANG_WARN_OBJC_ROOT_CLASS = YES_ERROR;
				CLANG_WARN_QUOTED_INCLUDE_IN_FRAMEWORK_HEADER = YES;
				CLANG_WARN_RANGE_LOOP_ANALYSIS = YES;
				CLANG_WARN_STRICT_PROTOTYPES = YES;
				CLANG_WARN_SUSPICIOUS_MOVE = YES;
				CLANG_WARN_UNGUARDED_AVAILABILITY = YES_AGGRESSIVE;
				CLANG_WARN_UNREACHABLE_CODE = YES;
				CLANG_WARN__DUPLICATE_METHOD_MATCH = YES;
				COPY_PHASE_STRIP = NO;
				DEBUG_INFORMATION_FORMAT = "dwarf-with-dsym";
				ENABLE_NS_ASSERTIONS = NO;
				ENABLE_STRICT_OBJC_MSGSEND = YES;
				GCC_C_LANGUAGE_STANDARD = gnu11;
				GCC_NO_COMMON_BLOCKS = YES;
				GCC_WARN_64_TO_32_BIT_CONVERSION = YES;
				GCC_WARN_ABOUT_RETURN_TYPE = YES_ERROR;
				GCC_WARN_UNDECLARED_SELECTOR = YES;
				GCC_WARN_UNINITIALIZED_AUTOS = YES_AGGRESSIVE;
				GCC_WARN_UNUSED_FUNCTION = YES;
				GCC_WARN_UNUSED_VARIABLE = YES;
				IPHONEOS_DEPLOYMENT_TARGET = 16.4;
				MTL_ENABLE_DEBUG_INFO = NO;
				MTL_FAST_MATH = YES;
				SDKROOT = iphoneos;
				SWIFT_COMPILATION_MODE = wholemodule;
				SWIFT_OPTIMIZATION_LEVEL = "-O";
				VALIDATE_PRODUCT = YES;
			};
			name = Release;
		};
		3BDAAC032B107D310013DB89 /* Debug */ = {
			isa = XCBuildConfiguration;
			buildSettings = {
				ASSETCATALOG_COMPILER_APPICON_NAME = AppIcon;
				ASSETCATALOG_COMPILER_GLOBAL_ACCENT_COLOR_NAME = AccentColor;
				CODE_SIGN_STYLE = Automatic;
				CURRENT_PROJECT_VERSION = 1;
				DEVELOPMENT_TEAM = 6CBTWMSXBM;
				GENERATE_INFOPLIST_FILE = YES;
				INFOPLIST_FILE = BindingVMtoV/Info.plist;
				INFOPLIST_KEY_UIApplicationSupportsIndirectInputEvents = YES;
				INFOPLIST_KEY_UILaunchStoryboardName = LaunchScreen;
				INFOPLIST_KEY_UIMainStoryboardFile = Main;
				INFOPLIST_KEY_UISupportedInterfaceOrientations_iPad = "UIInterfaceOrientationPortrait UIInterfaceOrientationPortraitUpsideDown UIInterfaceOrientationLandscapeLeft UIInterfaceOrientationLandscapeRight";
				INFOPLIST_KEY_UISupportedInterfaceOrientations_iPhone = "UIInterfaceOrientationPortrait UIInterfaceOrientationLandscapeLeft UIInterfaceOrientationLandscapeRight";
				LD_RUNPATH_SEARCH_PATHS = (
					"$(inherited)",
					"@executable_path/Frameworks",
				);
				MARKETING_VERSION = 1.0;
				PRODUCT_BUNDLE_IDENTIFIER = amatnug.amatnug.BindingVMtoV;
				PRODUCT_NAME = "$(TARGET_NAME)";
				SWIFT_EMIT_LOC_STRINGS = YES;
				SWIFT_VERSION = 5.0;
				TARGETED_DEVICE_FAMILY = "1,2";
			};
			name = Debug;
		};
		3BDAAC042B107D310013DB89 /* Release */ = {
			isa = XCBuildConfiguration;
			buildSettings = {
				ASSETCATALOG_COMPILER_APPICON_NAME = AppIcon;
				ASSETCATALOG_COMPILER_GLOBAL_ACCENT_COLOR_NAME = AccentColor;
				CODE_SIGN_STYLE = Automatic;
				CURRENT_PROJECT_VERSION = 1;
				DEVELOPMENT_TEAM = 6CBTWMSXBM;
				GENERATE_INFOPLIST_FILE = YES;
				INFOPLIST_FILE = BindingVMtoV/Info.plist;
				INFOPLIST_KEY_UIApplicationSupportsIndirectInputEvents = YES;
				INFOPLIST_KEY_UILaunchStoryboardName = LaunchScreen;
				INFOPLIST_KEY_UIMainStoryboardFile = Main;
				INFOPLIST_KEY_UISupportedInterfaceOrientations_iPad = "UIInterfaceOrientationPortrait UIInterfaceOrientationPortraitUpsideDown UIInterfaceOrientationLandscapeLeft UIInterfaceOrientationLandscapeRight";
				INFOPLIST_KEY_UISupportedInterfaceOrientations_iPhone = "UIInterfaceOrientationPortrait UIInterfaceOrientationLandscapeLeft UIInterfaceOrientationLandscapeRight";
				LD_RUNPATH_SEARCH_PATHS = (
					"$(inherited)",
					"@executable_path/Frameworks",
				);
				MARKETING_VERSION = 1.0;
				PRODUCT_BUNDLE_IDENTIFIER = amatnug.amatnug.BindingVMtoV;
				PRODUCT_NAME = "$(TARGET_NAME)";
				SWIFT_EMIT_LOC_STRINGS = YES;
				SWIFT_VERSION = 5.0;
				TARGETED_DEVICE_FAMILY = "1,2";
			};
			name = Release;
		};
/* End XCBuildConfiguration section */

/* Begin XCConfigurationList section */
		3BDAABE92B107D300013DB89 /* Build configuration list for PBXProject "BindingVMtoV" */ = {
			isa = XCConfigurationList;
			buildConfigurations = (
				3BDAAC002B107D310013DB89 /* Debug */,
				3BDAAC012B107D310013DB89 /* Release */,
			);
			defaultConfigurationIsVisible = 0;
			defaultConfigurationName = Release;
		};
		3BDAAC022B107D310013DB89 /* Build configuration list for PBXNativeTarget "BindingVMtoV" */ = {
			isa = XCConfigurationList;
			buildConfigurations = (
				3BDAAC032B107D310013DB89 /* Debug */,
				3BDAAC042B107D310013DB89 /* Release */,
			);
			defaultConfigurationIsVisible = 0;
			defaultConfigurationName = Release;
		};
/* End XCConfigurationList section */
	};
	rootObject = 3BDAABE62B107D300013DB89 /* Project object */;
}
